{
  "requires": true,
  "lockfileVersion": 1,
  "dependencies": {
    "@sendgrid/client": {
      "version": "7.4.6",
      "resolved": "https://registry.npmjs.org/@sendgrid/client/-/client-7.4.6.tgz",
      "integrity": "sha512-g3vjDyN1hDTKwPe9THGNuf4HKkx+cC3dSOM7SM88Pg6Q9SRI+GDGzsdnGRfFFpsdHBVVrHCSk0n2f4YZVCv4zA==",
      "requires": {
        "@sendgrid/helpers": "^7.4.6",
        "axios": "^0.21.1"
      }
    },
    "@sendgrid/helpers": {
      "version": "7.4.6",
      "resolved": "https://registry.npmjs.org/@sendgrid/helpers/-/helpers-7.4.6.tgz",
      "integrity": "sha512-Vvt4d60fkU/DPSwMyxXtlnbw4/B+5Y9eeYnygTxhmw8TNzUhdPphr7SaRSperWJ8P1VeQZzobvQNyMj5E7A3UA==",
      "requires": {
        "deepmerge": "^4.2.2"
      }
    },
    "@sendgrid/mail": {
      "version": "7.4.6",
      "resolved": "https://registry.npmjs.org/@sendgrid/mail/-/mail-7.4.6.tgz",
      "integrity": "sha512-1HTW5Iu1oKw5r8cltAPfVFbaJjjIrWmYR8WP0I8br01ImUhy1/42vGCVl6QWkPP6pcAfsWNIrjSPx20ZcVNvVQ==",
      "requires": {
        "@sendgrid/client": "^7.4.6",
        "@sendgrid/helpers": "^7.4.6"
      }
    },
    "axios": {
      "version": "0.21.1",
      "resolved": "https://registry.npmjs.org/axios/-/axios-0.21.1.tgz",
      "integrity": "sha512-dKQiRHxGD9PPRIUNIWvZhPTPpl1rf/OxTYKsqKUDjBwYylTvV7SjSHJb9ratfyzM6wCdLCOYLzs73qpg5c4iGA==",
      "requires": {
        "follow-redirects": "^1.10.0"
      }
    },
    "deepmerge": {
      "version": "4.2.2",
      "resolved": "https://registry.npmjs.org/deepmerge/-/deepmerge-4.2.2.tgz",
      "integrity": "sha512-FJ3UgI4gIl+PHZm53knsuSFpE+nESMr7M4v9QcgB7S63Kj/6WqMiFQJpBBYz1Pt+66bZpP3Q7Lye0Oo9MPKEdg=="
    },
    "follow-redirects": {
      "version": "1.14.2",
      "resolved": "https://registry.npmjs.org/follow-redirects/-/follow-redirects-1.14.2.tgz",
      "integrity": "sha512-yLR6WaE2lbF0x4K2qE2p9PEXKLDjUjnR/xmjS3wHAYxtlsI9MLLBJUZirAHKzUZDGLxje7w/cXR49WOUo4rbsA=="
    }
  }
}
